
Microsoft Visual Studio Solution File, Format Version 12.00
# Visual Studio Version 16
VisualStudioVersion = 16.0.29209.62
MinimumVisualStudioVersion = 10.0.40219.1
Project("{FAE04EC0-301F-11D3-BF4B-00C04F79EFBC}") = "PublicationSystem", "PublicationSystem\PublicationSystem.csproj", "{819BD547-B401-41F1-8E26-D114295B91E1}"
EndProject
Project("{FAE04EC0-301F-11D3-BF4B-00C04F79EFBC}") = "PublicationTest", "PublicationTest\PublicationTest.csproj", "{96D2A2DB-193D-4C6D-B7FB-399BD77D26CD}"
EndProject
Global
	GlobalSection(SolutionConfigurationPlatforms) = preSolution
		Debug|Any CPU = Debug|Any CPU
		Release|Any CPU = Release|Any CPU
	EndGlobalSection
	GlobalSection(ProjectConfigurationPlatforms) = postSolution
		{819BD547-B401-41F1-8E26-D114295B91E1}.Debug|Any CPU.ActiveCfg = Debug|Any CPU
		{819BD547-B401-41F1-8E26-D114295B91E1}.Debug|Any CPU.Build.0 = Debug|Any CPU
		{819BD547-B401-41F1-8E26-D114295B91E1}.Release|Any CPU.ActiveCfg = Release|Any CPU
		{819BD547-B401-41F1-8E26-D114295B91E1}.Release|Any CPU.Build.0 = Release|Any CPU
		{96D2A2DB-193D-4C6D-B7FB-399BD77D26CD}.Debug|Any CPU.ActiveCfg = Debug|Any CPU
		{96D2A2DB-193D-4C6D-B7FB-399BD77D26CD}.Debug|Any CPU.Build.0 = Debug|Any CPU
		{96D2A2DB-193D-4C6D-B7FB-399BD77D26CD}.Release|Any CPU.ActiveCfg = Release|Any CPU
		{96D2A2DB-193D-4C6D-B7FB-399BD77D26CD}.Release|Any CPU.Build.0 = Release|Any CPU
	EndGlobalSection
	GlobalSection(SolutionProperties) = preSolution
		HideSolutionNode = FALSE
	EndGlobalSection
	GlobalSection(ExtensibilityGlobals) = postSolution
		SolutionGuid = {0403E68F-F40E-4DF0-8462-FA5F0FADA69E}
	EndGlobalSection
EndGlobal
